// !$*UTF8*$!
{
	archiveVersion = 1;
	classes = {
	};
	objectVersion = 50;
	objects = {

/* Begin PBXBuildFile section */
		5F078A3122806990002E7725 /* DetailsViewController.swift in Sources */ = {isa = PBXBuildFile; fileRef = 5F078A3022806990002E7725 /* DetailsViewController.swift */; };
		5F078A4522807D5C002E7725 /* Details.xib in Resources */ = {isa = PBXBuildFile; fileRef = 5F078A4422807D5C002E7725 /* Details.xib */; };
		5F078A4722807DAF002E7725 /* DetailsView.swift in Sources */ = {isa = PBXBuildFile; fileRef = 5F078A4622807DAF002E7725 /* DetailsView.swift */; };
		5F0D321B2284CE3B00997FC7 /* Reachability.swift in Sources */ = {isa = PBXBuildFile; fileRef = 5F0D321A2284CE3B00997FC7 /* Reachability.swift */; };
		5F11FBBF2285E2A000B283F7 /* NetworkingManager.swift in Sources */ = {isa = PBXBuildFile; fileRef = 5F11FBBE2285E2A000B283F7 /* NetworkingManager.swift */; };
		5F311520227B10B800F6F3BE /* AppDelegate.swift in Sources */ = {isa = PBXBuildFile; fileRef = 5F31151F227B10B800F6F3BE /* AppDelegate.swift */; };
		5F311522227B10B800F6F3BE /* MainViewController.swift in Sources */ = {isa = PBXBuildFile; fileRef = 5F311521227B10B800F6F3BE /* MainViewController.swift */; };
		5F311527227B10BA00F6F3BE /* Assets.xcassets in Resources */ = {isa = PBXBuildFile; fileRef = 5F311526227B10BA00F6F3BE /* Assets.xcassets */; };
		5F31152A227B10BA00F6F3BE /* LaunchScreen.storyboard in Resources */ = {isa = PBXBuildFile; fileRef = 5F311528227B10BA00F6F3BE /* LaunchScreen.storyboard */; };
		5F311535227B10BA00F6F3BE /* countryRESTTests.swift in Sources */ = {isa = PBXBuildFile; fileRef = 5F311534227B10BA00F6F3BE /* countryRESTTests.swift */; };
/* End PBXBuildFile section */

/* Begin PBXContainerItemProxy section */
		5F311531227B10BA00F6F3BE /* PBXContainerItemProxy */ = {
			isa = PBXContainerItemProxy;
			containerPortal = 5F311514227B10B800F6F3BE /* Project object */;
			proxyType = 1;
			remoteGlobalIDString = 5F31151B227B10B800F6F3BE;
			remoteInfo = countryREST;
		};
/* End PBXContainerItemProxy section */

/* Begin PBXFileReference section */
		5F078A3022806990002E7725 /* DetailsViewController.swift */ = {isa = PBXFileReference; lastKnownFileType = sourcecode.swift; path = DetailsViewController.swift; sourceTree = "<group>"; };
		5F078A4422807D5C002E7725 /* Details.xib */ = {isa = PBXFileReference; lastKnownFileType = file.xib; path = Details.xib; sourceTree = "<group>"; };
		5F078A4622807DAF002E7725 /* DetailsView.swift */ = {isa = PBXFileReference; lastKnownFileType = sourcecode.swift; path = DetailsView.swift; sourceTree = "<group>"; };
		5F0D321A2284CE3B00997FC7 /* Reachability.swift */ = {isa = PBXFileReference; lastKnownFileType = sourcecode.swift; path = Reachability.swift; sourceTree = "<group>"; };
		5F11FBBE2285E2A000B283F7 /* NetworkingManager.swift */ = {isa = PBXFileReference; lastKnownFileType = sourcecode.swift; path = NetworkingManager.swift; sourceTree = "<group>"; };
		5F31151C227B10B800F6F3BE /* countryREST.app */ = {isa = PBXFileReference; explicitFileType = wrapper.application; includeInIndex = 0; path = countryREST.app; sourceTree = BUILT_PRODUCTS_DIR; };
		5F31151F227B10B800F6F3BE /* AppDelegate.swift */ = {isa = PBXFileReference; lastKnownFileType = sourcecode.swift; path = AppDelegate.swift; sourceTree = "<group>"; };
		5F311521227B10B800F6F3BE /* MainViewController.swift */ = {isa = PBXFileReference; lastKnownFileType = sourcecode.swift; path = MainViewController.swift; sourceTree = "<group>"; };
		5F311526227B10BA00F6F3BE /* Assets.xcassets */ = {isa = PBXFileReference; lastKnownFileType = folder.assetcatalog; path = Assets.xcassets; sourceTree = "<group>"; };
		5F311529227B10BA00F6F3BE /* Base */ = {isa = PBXFileReference; lastKnownFileType = file.storyboard; name = Base; path = Base.lproj/LaunchScreen.storyboard; sourceTree = "<group>"; };
		5F31152B227B10BA00F6F3BE /* Info.plist */ = {isa = PBXFileReference; lastKnownFileType = text.plist.xml; path = Info.plist; sourceTree = "<group>"; };
		5F311530227B10BA00F6F3BE /* countryRESTTests.xctest */ = {isa = PBXFileReference; explicitFileType = wrapper.cfbundle; includeInIndex = 0; path = countryRESTTests.xctest; sourceTree = BUILT_PRODUCTS_DIR; };
		5F311534227B10BA00F6F3BE /* countryRESTTests.swift */ = {isa = PBXFileReference; lastKnownFileType = sourcecode.swift; path = countryRESTTests.swift; sourceTree = "<group>"; };
		5F311536227B10BA00F6F3BE /* Info.plist */ = {isa = PBXFileReference; lastKnownFileType = text.plist.xml; path = Info.plist; sourceTree = "<group>"; };
/* End PBXFileReference section */

/* Begin PBXFrameworksBuildPhase section */
		5F311519227B10B800F6F3BE /* Frameworks */ = {
			isa = PBXFrameworksBuildPhase;
			buildActionMask = 2147483647;
			files = (
			);
			runOnlyForDeploymentPostprocessing = 0;
		};
		5F31152D227B10BA00F6F3BE /* Frameworks */ = {
			isa = PBXFrameworksBuildPhase;
			buildActionMask = 2147483647;
			files = (
			);
			runOnlyForDeploymentPostprocessing = 0;
		};
/* End PBXFrameworksBuildPhase section */

/* Begin PBXGroup section */
		5F0D32152284CA7B00997FC7 /* View Controllers */ = {
			isa = PBXGroup;
			children = (
				5F311521227B10B800F6F3BE /* MainViewController.swift */,
				5F078A3022806990002E7725 /* DetailsViewController.swift */,
			);
			path = "View Controllers";
			sourceTree = "<group>";
		};
		5F0D32172284CAB300997FC7 /* Models */ = {
			isa = PBXGroup;
			children = (
			);
			path = Models;
			sourceTree = "<group>";
		};
		5F0D32182284CAD700997FC7 /* Views */ = {
			isa = PBXGroup;
			children = (
				5F0D32192284CAF000997FC7 /* Details */,
			);
			path = Views;
			sourceTree = "<group>";
		};
		5F0D32192284CAF000997FC7 /* Details */ = {
			isa = PBXGroup;
			children = (
				5F078A4422807D5C002E7725 /* Details.xib */,
				5F078A4622807DAF002E7725 /* DetailsView.swift */,
			);
			path = Details;
			sourceTree = "<group>";
		};
		5F0D321C2284CE4F00997FC7 /* Resources */ = {
			isa = PBXGroup;
			children = (
				5F311526227B10BA00F6F3BE /* Assets.xcassets */,
				5F311528227B10BA00F6F3BE /* LaunchScreen.storyboard */,
			);
			path = Resources;
			sourceTree = "<group>";
		};
		5F311513227B10B800F6F3BE = {
			isa = PBXGroup;
			children = (
				5F31151E227B10B800F6F3BE /* countryREST */,
				5F31152B227B10BA00F6F3BE /* Info.plist */,
				5F311533227B10BA00F6F3BE /* countryRESTTests */,
				5F31151D227B10B800F6F3BE /* Products */,
			);
			sourceTree = "<group>";
		};
		5F31151D227B10B800F6F3BE /* Products */ = {
			isa = PBXGroup;
			children = (
				5F31151C227B10B800F6F3BE /* countryREST.app */,
				5F311530227B10BA00F6F3BE /* countryRESTTests.xctest */,
			);
			name = Products;
			sourceTree = "<group>";
		};
		5F31151E227B10B800F6F3BE /* countryREST */ = {
			isa = PBXGroup;
			children = (
				5F31151F227B10B800F6F3BE /* AppDelegate.swift */,
				5F0D32152284CA7B00997FC7 /* View Controllers */,
				5F0D32182284CAD700997FC7 /* Views */,
				5F0D32172284CAB300997FC7 /* Models */,
				5FB17FDD2284E4F20053C455 /* Utils */,
				5F0D321C2284CE4F00997FC7 /* Resources */,
			);
			path = countryREST;
			sourceTree = "<group>";
		};
		5F311533227B10BA00F6F3BE /* countryRESTTests */ = {
			isa = PBXGroup;
			children = (
				5F311534227B10BA00F6F3BE /* countryRESTTests.swift */,
				5F311536227B10BA00F6F3BE /* Info.plist */,
			);
			path = countryRESTTests;
			sourceTree = "<group>";
		};
		5FB17FDD2284E4F20053C455 /* Utils */ = {
			isa = PBXGroup;
			children = (
				5F0D321A2284CE3B00997FC7 /* Reachability.swift */,
				5F11FBBE2285E2A000B283F7 /* NetworkingManager.swift */,
			);
			path = Utils;
			sourceTree = "<group>";
		};
/* End PBXGroup section */

/* Begin PBXNativeTarget section */
		5F31151B227B10B800F6F3BE /* countryREST */ = {
			isa = PBXNativeTarget;
			buildConfigurationList = 5F311539227B10BA00F6F3BE /* Build configuration list for PBXNativeTarget "countryREST" */;
			buildPhases = (
				5F311518227B10B800F6F3BE /* Sources */,
				5F311519227B10B800F6F3BE /* Frameworks */,
				5F31151A227B10B800F6F3BE /* Resources */,
			);
			buildRules = (
			);
			dependencies = (
			);
			name = countryREST;
			productName = countryREST;
			productReference = 5F31151C227B10B800F6F3BE /* countryREST.app */;
			productType = "com.apple.product-type.application";
		};
		5F31152F227B10BA00F6F3BE /* countryRESTTests */ = {
			isa = PBXNativeTarget;
			buildConfigurationList = 5F31153C227B10BA00F6F3BE /* Build configuration list for PBXNativeTarget "countryRESTTests" */;
			buildPhases = (
				5F31152C227B10BA00F6F3BE /* Sources */,
				5F31152D227B10BA00F6F3BE /* Frameworks */,
				5F31152E227B10BA00F6F3BE /* Resources */,
			);
			buildRules = (
			);
			dependencies = (
				5F311532227B10BA00F6F3BE /* PBXTargetDependency */,
			);
			name = countryRESTTests;
			productName = countryRESTTests;
			productReference = 5F311530227B10BA00F6F3BE /* countryRESTTests.xctest */;
			productType = "com.apple.product-type.bundle.unit-test";
		};
/* End PBXNativeTarget section */

/* Begin PBXProject section */
		5F311514227B10B800F6F3BE /* Project object */ = {
			isa = PBXProject;
			attributes = {
				LastSwiftUpdateCheck = 1010;
				LastUpgradeCheck = 1010;
				ORGANIZATIONNAME = Kornel;
				TargetAttributes = {
					5F31151B227B10B800F6F3BE = {
						CreatedOnToolsVersion = 10.1;
					};
					5F31152F227B10BA00F6F3BE = {
						CreatedOnToolsVersion = 10.1;
						TestTargetID = 5F31151B227B10B800F6F3BE;
					};
				};
			};
			buildConfigurationList = 5F311517227B10B800F6F3BE /* Build configuration list for PBXProject "countryREST" */;
			compatibilityVersion = "Xcode 9.3";
			developmentRegion = en;
			hasScannedForEncodings = 0;
			knownRegions = (
				en,
				Base,
			);
			mainGroup = 5F311513227B10B800F6F3BE;
			productRefGroup = 5F31151D227B10B800F6F3BE /* Products */;
			projectDirPath = "";
			projectRoot = "";
			targets = (
				5F31151B227B10B800F6F3BE /* countryREST */,
				5F31152F227B10BA00F6F3BE /* countryRESTTests */,
			);
		};
/* End PBXProject section */

/* Begin PBXResourcesBuildPhase section */
		5F31151A227B10B800F6F3BE /* Resources */ = {
			isa = PBXResourcesBuildPhase;
			buildActionMask = 2147483647;
			files = (
				5F078A4522807D5C002E7725 /* Details.xib in Resources */,
				5F31152A227B10BA00F6F3BE /* LaunchScreen.storyboard in Resources */,
				5F311527227B10BA00F6F3BE /* Assets.xcassets in Resources */,
			);
			runOnlyForDeploymentPostprocessing = 0;
		};
		5F31152E227B10BA00F6F3BE /* Resources */ = {
			isa = PBXResourcesBuildPhase;
			buildActionMask = 2147483647;
			files = (
			);
			runOnlyForDeploymentPostprocessing = 0;
		};
/* End PBXResourcesBuildPhase section */

/* Begin PBXSourcesBuildPhase section */
		5F311518227B10B800F6F3BE /* Sources */ = {
			isa = PBXSourcesBuildPhase;
			buildActionMask = 2147483647;
			files = (
				5F0D321B2284CE3B00997FC7 /* Reachability.swift in Sources */,
				5F311522227B10B800F6F3BE /* MainViewController.swift in Sources */,
				5F311520227B10B800F6F3BE /* AppDelegate.swift in Sources */,
				5F11FBBF2285E2A000B283F7 /* NetworkingManager.swift in Sources */,
				5F078A4722807DAF002E7725 /* DetailsView.swift in Sources */,
				5F078A3122806990002E7725 /* DetailsViewController.swift in Sources */,
			);
			runOnlyForDeploymentPostprocessing = 0;
		};
		5F31152C227B10BA00F6F3BE /* Sources */ = {
			isa = PBXSourcesBuildPhase;
			buildActionMask = 2147483647;
			files = (
				5F311535227B10BA00F6F3BE /* countryRESTTests.swift in Sources */,
			);
			runOnlyForDeploymentPostprocessing = 0;
		};
/* End PBXSourcesBuildPhase section */

/* Begin PBXTargetDependency section */
		5F311532227B10BA00F6F3BE /* PBXTargetDependency */ = {
			isa = PBXTargetDependency;
			target = 5F31151B227B10B800F6F3BE /* countryREST */;
			targetProxy = 5F311531227B10BA00F6F3BE /* PBXContainerItemProxy */;
		};
/* End PBXTargetDependency section */

/* Begin PBXVariantGroup section */
		5F311528227B10BA00F6F3BE /* LaunchScreen.storyboard */ = {
			isa = PBXVariantGroup;
			children = (
				5F311529227B10BA00F6F3BE /* Base */,
			);
			name = LaunchScreen.storyboard;
			sourceTree = "<group>";
		};
/* End PBXVariantGroup section */

/* Begin XCBuildConfiguration section */
		5F311537227B10BA00F6F3BE /* Debug */ = {
			isa = XCBuildConfiguration;
			buildSettings = {
				ALWAYS_SEARCH_USER_PATHS = NO;
				CLANG_ANALYZER_NONNULL = YES;
				CLANG_ANALYZER_NUMBER_OBJECT_CONVERSION = YES_AGGRESSIVE;
				CLANG_CXX_LANGUAGE_STANDARD = "gnu++14";
				CLANG_CXX_LIBRARY = "libc++";
				CLANG_ENABLE_MODULES = YES;
				CLANG_ENABLE_OBJC_ARC = YES;
				CLANG_ENABLE_OBJC_WEAK = YES;
				CLANG_WARN_BLOCK_CAPTURE_AUTORELEASING = YES;
				CLANG_WARN_BOOL_CONVERSION = YES;
				CLANG_WARN_COMMA = YES;
				CLANG_WARN_CONSTANT_CONVERSION = YES;
				CLANG_WARN_DEPRECATED_OBJC_IMPLEMENTATIONS = YES;
				CLANG_WARN_DIRECT_OBJC_ISA_USAGE = YES_ERROR;
				CLANG_WARN_DOCUMENTATION_COMMENTS = YES;
				CLANG_WARN_EMPTY_BODY = YES;
				CLANG_WARN_ENUM_CONVERSION = YES;
				CLANG_WARN_INFINITE_RECURSION = YES;
				CLANG_WARN_INT_CONVERSION = YES;
				CLANG_WARN_NON_LITERAL_NULL_CONVERSION = YES;
				CLANG_WARN_OBJC_IMPLICIT_RETAIN_SELF = YES;
				CLANG_WARN_OBJC_LITERAL_CONVERSION = YES;
				CLANG_WARN_OBJC_ROOT_CLASS = YES_ERROR;
				CLANG_WARN_RANGE_LOOP_ANALYSIS = YES;
				CLANG_WARN_STRICT_PROTOTYPES = YES;
				CLANG_WARN_SUSPICIOUS_MOVE = YES;
				CLANG_WARN_UNGUARDED_AVAILABILITY = YES_AGGRESSIVE;
				CLANG_WARN_UNREACHABLE_CODE = YES;
				CLANG_WARN__DUPLICATE_METHOD_MATCH = YES;
				CODE_SIGN_IDENTITY = "iPhone Developer";
				COPY_PHASE_STRIP = NO;
				DEBUG_INFORMATION_FORMAT = dwarf;
				ENABLE_STRICT_OBJC_MSGSEND = YES;
				ENABLE_TESTABILITY = YES;
				GCC_C_LANGUAGE_STANDARD = gnu11;
				GCC_DYNAMIC_NO_PIC = NO;
				GCC_NO_COMMON_BLOCKS = YES;
				GCC_OPTIMIZATION_LEVEL = 0;
				GCC_PREPROCESSOR_DEFINITIONS = (
					"DEBUG=1",
					"$(inherited)",
				);
				GCC_WARN_64_TO_32_BIT_CONVERSION = YES;
				GCC_WARN_ABOUT_RETURN_TYPE = YES_ERROR;
				GCC_WARN_UNDECLARED_SELECTOR = YES;
				GCC_WARN_UNINITIALIZED_AUTOS = YES_AGGRESSIVE;
				GCC_WARN_UNUSED_FUNCTION = YES;
				GCC_WARN_UNUSED_VARIABLE = YES;
				IPHONEOS_DEPLOYMENT_TARGET = 12.1;
				MTL_ENABLE_DEBUG_INFO = INCLUDE_SOURCE;
				MTL_FAST_MATH = YES;
				ONLY_ACTIVE_ARCH = YES;
				SDKROOT = iphoneos;
				SWIFT_ACTIVE_COMPILATION_CONDITIONS = DEBUG;
				SWIFT_OPTIMIZATION_LEVEL = "-Onone";
			};
			name = Debug;
		};
		5F311538227B10BA00F6F3BE /* Release */ = {
			isa = XCBuildConfiguration;
			buildSettings = {
				ALWAYS_SEARCH_USER_PATHS = NO;
				CLANG_ANALYZER_NONNULL = YES;
				CLANG_ANALYZER_NUMBER_OBJECT_CONVERSION = YES_AGGRESSIVE;
				CLANG_CXX_LANGUAGE_STANDARD = "gnu++14";
				CLANG_CXX_LIBRARY = "libc++";
				CLANG_ENABLE_MODULES = YES;
				CLANG_ENABLE_OBJC_ARC = YES;
				CLANG_ENABLE_OBJC_WEAK = YES;
				CLANG_WARN_BLOCK_CAPTURE_AUTORELEASING = YES;
				CLANG_WARN_BOOL_CONVERSION = YES;
				CLANG_WARN_COMMA = YES;
				CLANG_WARN_CONSTANT_CONVERSION = YES;
				CLANG_WARN_DEPRECATED_OBJC_IMPLEMENTATIONS = YES;
				CLANG_WARN_DIRECT_OBJC_ISA_USAGE = YES_ERROR;
				CLANG_WARN_DOCUMENTATION_COMMENTS = YES;
				CLANG_WARN_EMPTY_BODY = YES;
				CLANG_WARN_ENUM_CONVERSION = YES;
				CLANG_WARN_INFINITE_RECURSION = YES;
				CLANG_WARN_INT_CONVERSION = YES;
				CLANG_WARN_NON_LITERAL_NULL_CONVERSION = YES;
				CLANG_WARN_OBJC_IMPLICIT_RETAIN_SELF = YES;
				CLANG_WARN_OBJC_LITERAL_CONVERSION = YES;
				CLANG_WARN_OBJC_ROOT_CLASS = YES_ERROR;
				CLANG_WARN_RANGE_LOOP_ANALYSIS = YES;
				CLANG_WARN_STRICT_PROTOTYPES = YES;
				CLANG_WARN_SUSPICIOUS_MOVE = YES;
				CLANG_WARN_UNGUARDED_AVAILABILITY = YES_AGGRESSIVE;
				CLANG_WARN_UNREACHABLE_CODE = YES;
				CLANG_WARN__DUPLICATE_METHOD_MATCH = YES;
				CODE_SIGN_IDENTITY = "iPhone Developer";
				COPY_PHASE_STRIP = NO;
				DEBUG_INFORMATION_FORMAT = "dwarf-with-dsym";
				ENABLE_NS_ASSERTIONS = NO;
				ENABLE_STRICT_OBJC_MSGSEND = YES;
				GCC_C_LANGUAGE_STANDARD = gnu11;
				GCC_NO_COMMON_BLOCKS = YES;
				GCC_WARN_64_TO_32_BIT_CONVERSION = YES;
				GCC_WARN_ABOUT_RETURN_TYPE = YES_ERROR;
				GCC_WARN_UNDECLARED_SELECTOR = YES;
				GCC_WARN_UNINITIALIZED_AUTOS = YES_AGGRESSIVE;
				GCC_WARN_UNUSED_FUNCTION = YES;
				GCC_WARN_UNUSED_VARIABLE = YES;
				IPHONEOS_DEPLOYMENT_TARGET = 12.1;
				MTL_ENABLE_DEBUG_INFO = NO;
				MTL_FAST_MATH = YES;
				SDKROOT = iphoneos;
				SWIFT_COMPILATION_MODE = wholemodule;
				SWIFT_OPTIMIZATION_LEVEL = "-O";
				VALIDATE_PRODUCT = YES;
			};
			name = Release;
		};
		5F31153A227B10BA00F6F3BE /* Debug */ = {
			isa = XCBuildConfiguration;
			buildSettings = {
				ASSETCATALOG_COMPILER_APPICON_NAME = AppIcon;
				CODE_SIGN_STYLE = Automatic;
				DEVELOPMENT_TEAM = QMWM9G869M;
				INFOPLIST_FILE = "$(SRCROOT)/Info.plist";
				LD_RUNPATH_SEARCH_PATHS = (
					"$(inherited)",
					"@executable_path/Frameworks",
				);
				PRODUCT_BUNDLE_IDENTIFIER = skorkakornel.countryREST;
				PRODUCT_NAME = "$(TARGET_NAME)";
				SWIFT_VERSION = 4.2;
				TARGETED_DEVICE_FAMILY = "1,2";
			};
			name = Debug;
		};
		5F31153B227B10BA00F6F3BE /* Release */ = {
			isa = XCBuildConfiguration;
			buildSettings = {
				ASSETCATALOG_COMPILER_APPICON_NAME = AppIcon;
				CODE_SIGN_STYLE = Automatic;
				DEVELOPMENT_TEAM = QMWM9G869M;
				INFOPLIST_FILE = "$(SRCROOT)/Info.plist";
				LD_RUNPATH_SEARCH_PATHS = (
					"$(inherited)",
					"@executable_path/Frameworks",
				);
				PRODUCT_BUNDLE_IDENTIFIER = skorkakornel.countryREST;
				PRODUCT_NAME = "$(TARGET_NAME)";
				SWIFT_VERSION = 4.2;
				TARGETED_DEVICE_FAMILY = "1,2";
			};
			name = Release;
		};
		5F31153D227B10BA00F6F3BE /* Debug */ = {
			isa = XCBuildConfiguration;
			buildSettings = {
				ALWAYS_EMBED_SWIFT_STANDARD_LIBRARIES = YES;
				BUNDLE_LOADER = "$(TEST_HOST)";
				CODE_SIGN_STYLE = Automatic;
				DEVELOPMENT_TEAM = QMWM9G869M;
				INFOPLIST_FILE = countryRESTTests/Info.plist;
				LD_RUNPATH_SEARCH_PATHS = (
					"$(inherited)",
					"@executable_path/Frameworks",
					"@loader_path/Frameworks",
				);
				PRODUCT_BUNDLE_IDENTIFIER = skorkakornel.countryRESTTests;
				PRODUCT_NAME = "$(TARGET_NAME)";
				SWIFT_VERSION = 4.2;
				TARGETED_DEVICE_FAMILY = "1,2";
				TEST_HOST = "$(BUILT_PRODUCTS_DIR)/countryREST.app/countryREST";
			};
			name = Debug;
		};
		5F31153E227B10BA00F6F3BE /* Release */ = {
			isa = XCBuildConfiguration;
			buildSettings = {
				ALWAYS_EMBED_SWIFT_STANDARD_LIBRARIES = YES;
				BUNDLE_LOADER = "$(TEST_HOST)";
				CODE_SIGN_STYLE = Automatic;
				DEVELOPMENT_TEAM = QMWM9G869M;
				INFOPLIST_FILE = countryRESTTests/Info.plist;
				LD_RUNPATH_SEARCH_PATHS = (
					"$(inherited)",
					"@executable_path/Frameworks",
					"@loader_path/Frameworks",
				);
				PRODUCT_BUNDLE_IDENTIFIER = skorkakornel.countryRESTTests;
				PRODUCT_NAME = "$(TARGET_NAME)";
				SWIFT_VERSION = 4.2;
				TARGETED_DEVICE_FAMILY = "1,2";
				TEST_HOST = "$(BUILT_PRODUCTS_DIR)/countryREST.app/countryREST";
			};
			name = Release;
		};
/* End XCBuildConfiguration section */

/* Begin XCConfigurationList section */
		5F311517227B10B800F6F3BE /* Build configuration list for PBXProject "countryREST" */ = {
			isa = XCConfigurationList;
			buildConfigurations = (
				5F311537227B10BA00F6F3BE /* Debug */,
				5F311538227B10BA00F6F3BE /* Release */,
			);
			defaultConfigurationIsVisible = 0;
			defaultConfigurationName = Release;
		};
		5F311539227B10BA00F6F3BE /* Build configuration list for PBXNativeTarget "countryREST" */ = {
			isa = XCConfigurationList;
			buildConfigurations = (
				5F31153A227B10BA00F6F3BE /* Debug */,
				5F31153B227B10BA00F6F3BE /* Release */,
			);
			defaultConfigurationIsVisible = 0;
			defaultConfigurationName = Release;
		};
		5F31153C227B10BA00F6F3BE /* Build configuration list for PBXNativeTarget "countryRESTTests" */ = {
			isa = XCConfigurationList;
			buildConfigurations = (
				5F31153D227B10BA00F6F3BE /* Debug */,
				5F31153E227B10BA00F6F3BE /* Release */,
			);
			defaultConfigurationIsVisible = 0;
			defaultConfigurationName = Release;
		};
/* End XCConfigurationList section */
	};
	rootObject = 5F311514227B10B800F6F3BE /* Project object */;
}
